
Microsoft Visual Studio Solution File, Format Version 12.00
# Visual Studio Version 17
VisualStudioVersion = 17.13.35913.81 d17.13
MinimumVisualStudioVersion = 10.0.40219.1
Project("{8BC9CEB8-8B4A-11D0-8D11-00A0C91BC942}") = "MinecraftWin32", "MinecraftWin32.vcxproj", "{61D12CAD-CC16-4024-9C45-DE97AB0465AF}"
EndProject
Global
	GlobalSection(SolutionConfigurationPlatforms) = preSolution
		Minecraft|Win32 = Minecraft|Win32
		Minecraft|x64 = Minecraft|x64
	EndGlobalSection
	GlobalSection(ProjectConfigurationPlatforms) = postSolution
		{61D12CAD-CC16-4024-9C45-DE97AB0465AF}.Minecraft|Win32.ActiveCfg = Minecraft|Win32
		{61D12CAD-CC16-4024-9C45-DE97AB0465AF}.Minecraft|Win32.Build.0 = Minecraft|Win32
		{61D12CAD-CC16-4024-9C45-DE97AB0465AF}.Minecraft|x64.ActiveCfg = Minecraft|x64
		{61D12CAD-CC16-4024-9C45-DE97AB0465AF}.Minecraft|x64.Build.0 = Minecraft|x64
	EndGlobalSection
	GlobalSection(SolutionProperties) = preSolution
		HideSolutionNode = FALSE
	EndGlobalSection
	GlobalSection(ExtensibilityGlobals) = postSolution
		SolutionGuid = {7E3C9C1A-D227-4B1C-8AC4-9275C2E501D5}
	EndGlobalSection
EndGlobal
